
Microsoft Visual Studio Solution File, Format Version 12.00
# Visual Studio Version 17
VisualStudioVersion = 17.8.34309.116
MinimumVisualStudioVersion = 10.0.40219.1
Project("{9A19103F-16F7-4668-BE54-9A1E7A4F7556}") = "02-06", "2-6\02-06.csproj", "{1A8926EC-CD3B-4274-B864-9CB8A9CDCC8D}"
EndProject
Project("{9A19103F-16F7-4668-BE54-9A1E7A4F7556}") = "Leadership 3", "Leadership 1\Leadership 3.csproj", "{29CE46E4-2C14-4D2F-BBB1-80A69738AC2B}"
EndProject
Project("{2150E333-8FDC-42A3-9474-1A3956D46DE8}") = "Leadership", "Leadership", "{85948BAD-527E-40F8-9725-117479003588}"
EndProject
Project("{2150E333-8FDC-42A3-9474-1A3956D46DE8}") = "GoalSheets", "GoalSheets", "{4F85CB1C-5BE6-4D3D-8A96-87BB23485C09}"
EndProject
Project("{2150E333-8FDC-42A3-9474-1A3956D46DE8}") = "Tests", "Tests", "{E40B72F9-E71F-4BD9-955B-F350265220F2}"
EndProject
Project("{9A19103F-16F7-4668-BE54-9A1E7A4F7556}") = "10-01", "10-01\10-01.csproj", "{33C91101-0E53-4879-A01B-4F050D9244DB}"
EndProject
Project("{9A19103F-16F7-4668-BE54-9A1E7A4F7556}") = "10-02", "10-02\10-02.csproj", "{B0866DB7-6D79-4ADE-BC82-F2A124EA69D1}"
EndProject
Project("{2150E333-8FDC-42A3-9474-1A3956D46DE8}") = "Practice", "Practice", "{228031D8-A2ED-4D2C-AC1C-CE7D65117CC8}"
EndProject
Project("{9A19103F-16F7-4668-BE54-9A1E7A4F7556}") = "Practice 1", "Practice1\Practice 1.csproj", "{518B160E-87BE-4B19-A0BB-AFAA96A37CE9}"
EndProject
Project("{9A19103F-16F7-4668-BE54-9A1E7A4F7556}") = "10-03", "10-03\10-03.csproj", "{6EA9ED9C-55C2-4F01-B5FA-8D2C8F0338EF}"
EndProject
Project("{9A19103F-16F7-4668-BE54-9A1E7A4F7556}") = "10-04", "10-04\10-04.csproj", "{1C689D48-EC34-4244-BA1F-52D6AD1318BD}"
EndProject
Project("{9A19103F-16F7-4668-BE54-9A1E7A4F7556}") = "10-05", "10-05a\10-05.csproj", "{5DB923C0-64C8-46F7-8BF5-BFF688031931}"
EndProject
Project("{2150E333-8FDC-42A3-9474-1A3956D46DE8}") = "Sheet 01", "Sheet 01", "{73CED1C1-9A47-4ECD-B815-3D76C9A2BCAF}"
EndProject
Project("{2150E333-8FDC-42A3-9474-1A3956D46DE8}") = "Sheet 02", "Sheet 02", "{730419FF-E064-47CF-864B-7DF04BB0177A}"
EndProject
Project("{2150E333-8FDC-42A3-9474-1A3956D46DE8}") = "Sheet 03", "Sheet 03", "{C54A2DB6-77A8-4D5F-ACC6-166D0565EF0D}"
EndProject
Project("{2150E333-8FDC-42A3-9474-1A3956D46DE8}") = "Sheet 04", "Sheet 04", "{AABDF790-AB91-4AA6-B8B8-547751B52D14}"
EndProject
Project("{2150E333-8FDC-42A3-9474-1A3956D46DE8}") = "Sheet 05", "Sheet 05", "{815FC80C-EB97-4286-B3A3-0DDC9790FB3D}"
EndProject
Project("{2150E333-8FDC-42A3-9474-1A3956D46DE8}") = "Sheet 06", "Sheet 06", "{7E7213D8-765E-4710-9179-63FECD03C3CA}"
EndProject
Project("{2150E333-8FDC-42A3-9474-1A3956D46DE8}") = "Sheet 07", "Sheet 07", "{E0F4AFCB-0823-4561-8E4B-71036174E013}"
EndProject
Project("{2150E333-8FDC-42A3-9474-1A3956D46DE8}") = "Sheet 08", "Sheet 08", "{466CABC6-F75E-491C-906C-599DF35C0575}"
EndProject
Project("{2150E333-8FDC-42A3-9474-1A3956D46DE8}") = "Sheet 09", "Sheet 09", "{29618F98-A310-4282-BADC-B0DF79D14D3C}"
EndProject
Project("{2150E333-8FDC-42A3-9474-1A3956D46DE8}") = "Sheet 10", "Sheet 10", "{FF4D2BD0-B130-4114-A0A8-C4D8A71F2703}"
EndProject
Project("{2150E333-8FDC-42A3-9474-1A3956D46DE8}") = "Sheet 11", "Sheet 11", "{7A869777-D9BC-460D-B903-05636BE17E01}"
EndProject
Project("{2150E333-8FDC-42A3-9474-1A3956D46DE8}") = "Sheet 12", "Sheet 12", "{2E628508-552A-481B-B2CF-FB4A0685E425}"
EndProject
Project("{2150E333-8FDC-42A3-9474-1A3956D46DE8}") = "Sheet 13", "Sheet 13", "{9F0C10CC-0EA7-43B8-92EA-0BC5BC089D4A}"
EndProject
Project("{2150E333-8FDC-42A3-9474-1A3956D46DE8}") = "Sheet 14", "Sheet 14", "{E74F624A-BF26-4D91-975E-0D24B23A737E}"
EndProject
Project("{2150E333-8FDC-42A3-9474-1A3956D46DE8}") = "Sheet 15", "Sheet 15", "{6A38183C-276F-43D0-AD49-766F34B27CB1}"
EndProject
Project("{2150E333-8FDC-42A3-9474-1A3956D46DE8}") = "Sandbox", "Sandbox", "{437BAE68-00B4-4599-8B21-407BF076D6FE}"
EndProject
Project("{9A19103F-16F7-4668-BE54-9A1E7A4F7556}") = "11-01", "11-01\11-01.csproj", "{FADB4EFD-EDA7-4C54-AA83-2CA0B9B3BEA5}"
EndProject
Project("{9A19103F-16F7-4668-BE54-9A1E7A4F7556}") = "11-02", "11-02\11-02.csproj", "{8A399089-4D02-437A-9927-9D2D58604C6E}"
EndProject
Project("{9A19103F-16F7-4668-BE54-9A1E7A4F7556}") = "11-03", "11-03\11-03.csproj", "{0EFD78EF-61C3-463A-886C-74030FFBA131}"
EndProject
Project("{FAE04EC0-301F-11D3-BF4B-00C04F79EFBC}") = "Two6Die vs One11Die", "Two6Die vs One11Die\Two6Die vs One11Die.csproj", "{DEE65175-EC17-463F-A553-B9022C82BC84}"
EndProject
Global
	GlobalSection(SolutionConfigurationPlatforms) = preSolution
		Debug|Any CPU = Debug|Any CPU
		Release|Any CPU = Release|Any CPU
	EndGlobalSection
	GlobalSection(ProjectConfigurationPlatforms) = postSolution
		{1A8926EC-CD3B-4274-B864-9CB8A9CDCC8D}.Debug|Any CPU.ActiveCfg = Debug|Any CPU
		{1A8926EC-CD3B-4274-B864-9CB8A9CDCC8D}.Debug|Any CPU.Build.0 = Debug|Any CPU
		{1A8926EC-CD3B-4274-B864-9CB8A9CDCC8D}.Release|Any CPU.ActiveCfg = Release|Any CPU
		{1A8926EC-CD3B-4274-B864-9CB8A9CDCC8D}.Release|Any CPU.Build.0 = Release|Any CPU
		{29CE46E4-2C14-4D2F-BBB1-80A69738AC2B}.Debug|Any CPU.ActiveCfg = Debug|Any CPU
		{29CE46E4-2C14-4D2F-BBB1-80A69738AC2B}.Debug|Any CPU.Build.0 = Debug|Any CPU
		{29CE46E4-2C14-4D2F-BBB1-80A69738AC2B}.Release|Any CPU.ActiveCfg = Release|Any CPU
		{29CE46E4-2C14-4D2F-BBB1-80A69738AC2B}.Release|Any CPU.Build.0 = Release|Any CPU
		{33C91101-0E53-4879-A01B-4F050D9244DB}.Debug|Any CPU.ActiveCfg = Debug|Any CPU
		{33C91101-0E53-4879-A01B-4F050D9244DB}.Debug|Any CPU.Build.0 = Debug|Any CPU
		{33C91101-0E53-4879-A01B-4F050D9244DB}.Release|Any CPU.ActiveCfg = Release|Any CPU
		{33C91101-0E53-4879-A01B-4F050D9244DB}.Release|Any CPU.Build.0 = Release|Any CPU
		{B0866DB7-6D79-4ADE-BC82-F2A124EA69D1}.Debug|Any CPU.ActiveCfg = Debug|Any CPU
		{B0866DB7-6D79-4ADE-BC82-F2A124EA69D1}.Debug|Any CPU.Build.0 = Debug|Any CPU
		{B0866DB7-6D79-4ADE-BC82-F2A124EA69D1}.Release|Any CPU.ActiveCfg = Release|Any CPU
		{B0866DB7-6D79-4ADE-BC82-F2A124EA69D1}.Release|Any CPU.Build.0 = Release|Any CPU
		{518B160E-87BE-4B19-A0BB-AFAA96A37CE9}.Debug|Any CPU.ActiveCfg = Debug|Any CPU
		{518B160E-87BE-4B19-A0BB-AFAA96A37CE9}.Debug|Any CPU.Build.0 = Debug|Any CPU
		{518B160E-87BE-4B19-A0BB-AFAA96A37CE9}.Release|Any CPU.ActiveCfg = Release|Any CPU
		{518B160E-87BE-4B19-A0BB-AFAA96A37CE9}.Release|Any CPU.Build.0 = Release|Any CPU
		{6EA9ED9C-55C2-4F01-B5FA-8D2C8F0338EF}.Debug|Any CPU.ActiveCfg = Debug|Any CPU
		{6EA9ED9C-55C2-4F01-B5FA-8D2C8F0338EF}.Debug|Any CPU.Build.0 = Debug|Any CPU
		{6EA9ED9C-55C2-4F01-B5FA-8D2C8F0338EF}.Release|Any CPU.ActiveCfg = Release|Any CPU
		{6EA9ED9C-55C2-4F01-B5FA-8D2C8F0338EF}.Release|Any CPU.Build.0 = Release|Any CPU
		{1C689D48-EC34-4244-BA1F-52D6AD1318BD}.Debug|Any CPU.ActiveCfg = Debug|Any CPU
		{1C689D48-EC34-4244-BA1F-52D6AD1318BD}.Debug|Any CPU.Build.0 = Debug|Any CPU
		{1C689D48-EC34-4244-BA1F-52D6AD1318BD}.Release|Any CPU.ActiveCfg = Release|Any CPU
		{1C689D48-EC34-4244-BA1F-52D6AD1318BD}.Release|Any CPU.Build.0 = Release|Any CPU
		{5DB923C0-64C8-46F7-8BF5-BFF688031931}.Debug|Any CPU.ActiveCfg = Debug|Any CPU
		{5DB923C0-64C8-46F7-8BF5-BFF688031931}.Debug|Any CPU.Build.0 = Debug|Any CPU
		{5DB923C0-64C8-46F7-8BF5-BFF688031931}.Release|Any CPU.ActiveCfg = Release|Any CPU
		{5DB923C0-64C8-46F7-8BF5-BFF688031931}.Release|Any CPU.Build.0 = Release|Any CPU
		{FADB4EFD-EDA7-4C54-AA83-2CA0B9B3BEA5}.Debug|Any CPU.ActiveCfg = Debug|Any CPU
		{FADB4EFD-EDA7-4C54-AA83-2CA0B9B3BEA5}.Debug|Any CPU.Build.0 = Debug|Any CPU
		{FADB4EFD-EDA7-4C54-AA83-2CA0B9B3BEA5}.Release|Any CPU.ActiveCfg = Release|Any CPU
		{FADB4EFD-EDA7-4C54-AA83-2CA0B9B3BEA5}.Release|Any CPU.Build.0 = Release|Any CPU
		{8A399089-4D02-437A-9927-9D2D58604C6E}.Debug|Any CPU.ActiveCfg = Debug|Any CPU
		{8A399089-4D02-437A-9927-9D2D58604C6E}.Debug|Any CPU.Build.0 = Debug|Any CPU
		{8A399089-4D02-437A-9927-9D2D58604C6E}.Release|Any CPU.ActiveCfg = Release|Any CPU
		{8A399089-4D02-437A-9927-9D2D58604C6E}.Release|Any CPU.Build.0 = Release|Any CPU
		{0EFD78EF-61C3-463A-886C-74030FFBA131}.Debug|Any CPU.ActiveCfg = Debug|Any CPU
		{0EFD78EF-61C3-463A-886C-74030FFBA131}.Debug|Any CPU.Build.0 = Debug|Any CPU
		{0EFD78EF-61C3-463A-886C-74030FFBA131}.Release|Any CPU.ActiveCfg = Release|Any CPU
		{0EFD78EF-61C3-463A-886C-74030FFBA131}.Release|Any CPU.Build.0 = Release|Any CPU
		{DEE65175-EC17-463F-A553-B9022C82BC84}.Debug|Any CPU.ActiveCfg = Debug|Any CPU
		{DEE65175-EC17-463F-A553-B9022C82BC84}.Debug|Any CPU.Build.0 = Debug|Any CPU
		{DEE65175-EC17-463F-A553-B9022C82BC84}.Release|Any CPU.ActiveCfg = Release|Any CPU
		{DEE65175-EC17-463F-A553-B9022C82BC84}.Release|Any CPU.Build.0 = Release|Any CPU
	EndGlobalSection
	GlobalSection(SolutionProperties) = preSolution
		HideSolutionNode = FALSE
	EndGlobalSection
	GlobalSection(NestedProjects) = preSolution
		{1A8926EC-CD3B-4274-B864-9CB8A9CDCC8D} = {730419FF-E064-47CF-864B-7DF04BB0177A}
		{29CE46E4-2C14-4D2F-BBB1-80A69738AC2B} = {85948BAD-527E-40F8-9725-117479003588}
		{33C91101-0E53-4879-A01B-4F050D9244DB} = {FF4D2BD0-B130-4114-A0A8-C4D8A71F2703}
		{B0866DB7-6D79-4ADE-BC82-F2A124EA69D1} = {FF4D2BD0-B130-4114-A0A8-C4D8A71F2703}
		{518B160E-87BE-4B19-A0BB-AFAA96A37CE9} = {228031D8-A2ED-4D2C-AC1C-CE7D65117CC8}
		{6EA9ED9C-55C2-4F01-B5FA-8D2C8F0338EF} = {FF4D2BD0-B130-4114-A0A8-C4D8A71F2703}
		{1C689D48-EC34-4244-BA1F-52D6AD1318BD} = {FF4D2BD0-B130-4114-A0A8-C4D8A71F2703}
		{5DB923C0-64C8-46F7-8BF5-BFF688031931} = {FF4D2BD0-B130-4114-A0A8-C4D8A71F2703}
		{73CED1C1-9A47-4ECD-B815-3D76C9A2BCAF} = {4F85CB1C-5BE6-4D3D-8A96-87BB23485C09}
		{730419FF-E064-47CF-864B-7DF04BB0177A} = {4F85CB1C-5BE6-4D3D-8A96-87BB23485C09}
		{C54A2DB6-77A8-4D5F-ACC6-166D0565EF0D} = {4F85CB1C-5BE6-4D3D-8A96-87BB23485C09}
		{AABDF790-AB91-4AA6-B8B8-547751B52D14} = {4F85CB1C-5BE6-4D3D-8A96-87BB23485C09}
		{815FC80C-EB97-4286-B3A3-0DDC9790FB3D} = {4F85CB1C-5BE6-4D3D-8A96-87BB23485C09}
		{7E7213D8-765E-4710-9179-63FECD03C3CA} = {4F85CB1C-5BE6-4D3D-8A96-87BB23485C09}
		{E0F4AFCB-0823-4561-8E4B-71036174E013} = {4F85CB1C-5BE6-4D3D-8A96-87BB23485C09}
		{466CABC6-F75E-491C-906C-599DF35C0575} = {4F85CB1C-5BE6-4D3D-8A96-87BB23485C09}
		{29618F98-A310-4282-BADC-B0DF79D14D3C} = {4F85CB1C-5BE6-4D3D-8A96-87BB23485C09}
		{FF4D2BD0-B130-4114-A0A8-C4D8A71F2703} = {4F85CB1C-5BE6-4D3D-8A96-87BB23485C09}
		{7A869777-D9BC-460D-B903-05636BE17E01} = {4F85CB1C-5BE6-4D3D-8A96-87BB23485C09}
		{2E628508-552A-481B-B2CF-FB4A0685E425} = {4F85CB1C-5BE6-4D3D-8A96-87BB23485C09}
		{9F0C10CC-0EA7-43B8-92EA-0BC5BC089D4A} = {4F85CB1C-5BE6-4D3D-8A96-87BB23485C09}
		{E74F624A-BF26-4D91-975E-0D24B23A737E} = {4F85CB1C-5BE6-4D3D-8A96-87BB23485C09}
		{6A38183C-276F-43D0-AD49-766F34B27CB1} = {4F85CB1C-5BE6-4D3D-8A96-87BB23485C09}
		{FADB4EFD-EDA7-4C54-AA83-2CA0B9B3BEA5} = {7A869777-D9BC-460D-B903-05636BE17E01}
		{8A399089-4D02-437A-9927-9D2D58604C6E} = {7A869777-D9BC-460D-B903-05636BE17E01}
		{0EFD78EF-61C3-463A-886C-74030FFBA131} = {7A869777-D9BC-460D-B903-05636BE17E01}
		{DEE65175-EC17-463F-A553-B9022C82BC84} = {85948BAD-527E-40F8-9725-117479003588}
	EndGlobalSection
	GlobalSection(ExtensibilityGlobals) = postSolution
		SolutionGuid = {37CCA2B3-0825-444F-89C2-87E2E7B5334E}
	EndGlobalSection
EndGlobal
